
Microsoft Visual Studio Solution File, Format Version 12.00
# Visual Studio Version 16
VisualStudioVersion = 16.0.31424.327
MinimumVisualStudioVersion = 10.0.40219.1
Project("{FAE04EC0-301F-11D3-BF4B-00C04F79EFBC}") = "Hadamard", "Hadamard\Hadamard.csproj", "{0DD5C148-40C2-4D94-A496-833BD4C451FD}"
EndProject
Global
	GlobalSection(SolutionConfigurationPlatforms) = preSolution
		Debug|Any CPU = Debug|Any CPU
		Release|Any CPU = Release|Any CPU
	EndGlobalSection
	GlobalSection(ProjectConfigurationPlatforms) = postSolution
		{0DD5C148-40C2-4D94-A496-833BD4C451FD}.Debug|Any CPU.ActiveCfg = Debug|Any CPU
		{0DD5C148-40C2-4D94-A496-833BD4C451FD}.Debug|Any CPU.Build.0 = Debug|Any CPU
		{0DD5C148-40C2-4D94-A496-833BD4C451FD}.Release|Any CPU.ActiveCfg = Release|Any CPU
		{0DD5C148-40C2-4D94-A496-833BD4C451FD}.Release|Any CPU.Build.0 = Release|Any CPU
	EndGlobalSection
	GlobalSection(SolutionProperties) = preSolution
		HideSolutionNode = FALSE
	EndGlobalSection
	GlobalSection(ExtensibilityGlobals) = postSolution
		SolutionGuid = {E9A59F0E-753C-4A92-AC58-7AF1B962B99A}
	EndGlobalSection
EndGlobal
